
Microsoft Visual Studio Solution File, Format Version 12.00
# Visual Studio Version 17
VisualStudioVersion = 17.2.32519.379
MinimumVisualStudioVersion = 10.0.40219.1
Project("{FAE04EC0-301F-11D3-BF4B-00C04F79EFBC}") = "Eq2Grau", "Eq2Grau\Eq2Grau.csproj", "{5D55BAA5-7434-44C3-B86D-FFCF17BC4BE9}"
EndProject
Global
	GlobalSection(SolutionConfigurationPlatforms) = preSolution
		Debug|Any CPU = Debug|Any CPU
		Release|Any CPU = Release|Any CPU
	EndGlobalSection
	GlobalSection(ProjectConfigurationPlatforms) = postSolution
		{5D55BAA5-7434-44C3-B86D-FFCF17BC4BE9}.Debug|Any CPU.ActiveCfg = Debug|Any CPU
		{5D55BAA5-7434-44C3-B86D-FFCF17BC4BE9}.Debug|Any CPU.Build.0 = Debug|Any CPU
		{5D55BAA5-7434-44C3-B86D-FFCF17BC4BE9}.Release|Any CPU.ActiveCfg = Release|Any CPU
		{5D55BAA5-7434-44C3-B86D-FFCF17BC4BE9}.Release|Any CPU.Build.0 = Release|Any CPU
	EndGlobalSection
	GlobalSection(SolutionProperties) = preSolution
		HideSolutionNode = FALSE
	EndGlobalSection
	GlobalSection(ExtensibilityGlobals) = postSolution
		SolutionGuid = {E73F06A8-2C10-4252-A027-CA464FC9B3C0}
	EndGlobalSection
EndGlobal
